
Microsoft Visual Studio Solution File, Format Version 12.00
# Visual Studio Version 16
VisualStudioVersion = 16.0.31702.278
MinimumVisualStudioVersion = 10.0.40219.1
Project("{FAE04EC0-301F-11D3-BF4B-00C04F79EFBC}") = "StudentClubMVCUnit4", "StudentClubMVCUnit4\StudentClubMVCUnit4.csproj", "{92701E8C-6419-4AC5-9F41-4EAA3425F75A}"
EndProject
Global
	GlobalSection(SolutionConfigurationPlatforms) = preSolution
		Debug|Any CPU = Debug|Any CPU
		Release|Any CPU = Release|Any CPU
	EndGlobalSection
	GlobalSection(ProjectConfigurationPlatforms) = postSolution
		{92701E8C-6419-4AC5-9F41-4EAA3425F75A}.Debug|Any CPU.ActiveCfg = Debug|Any CPU
		{92701E8C-6419-4AC5-9F41-4EAA3425F75A}.Debug|Any CPU.Build.0 = Debug|Any CPU
		{92701E8C-6419-4AC5-9F41-4EAA3425F75A}.Release|Any CPU.ActiveCfg = Release|Any CPU
		{92701E8C-6419-4AC5-9F41-4EAA3425F75A}.Release|Any CPU.Build.0 = Release|Any CPU
	EndGlobalSection
	GlobalSection(SolutionProperties) = preSolution
		HideSolutionNode = FALSE
	EndGlobalSection
	GlobalSection(ExtensibilityGlobals) = postSolution
		SolutionGuid = {C7826AD7-C008-447A-86BC-254D86167903}
	EndGlobalSection
EndGlobal
